{
  "name": "FitData_GYM",
  "lockfileVersion": 3,
  "requires": true,
<<<<<<< HEAD
  "packages": {}
=======
  "packages": {
    "": {
      "dependencies": {
        "@fullcalendar/daygrid": "^6.1.20",
        "@fullcalendar/interaction": "^6.1.20",
        "@fullcalendar/react": "^6.1.20",
        "@fullcalendar/timegrid": "^6.1.20"
      }
    },
    "node_modules/@fullcalendar/daygrid": {
      "version": "6.1.20",
      "resolved": "https://registry.npmjs.org/@fullcalendar/daygrid/-/daygrid-6.1.20.tgz",
      "integrity": "sha512-AO9vqhkLP77EesmJzuU+IGXgxNulsA8mgQHynclJ8U70vSwAVnbcLG9qftiTAFSlZjiY/NvhE7sflve6cJelyQ==",
      "license": "MIT",
      "peerDependencies": {
        "@fullcalendar/core": "~6.1.20"
      }
    },
    "node_modules/@fullcalendar/interaction": {
      "version": "6.1.20",
      "resolved": "https://registry.npmjs.org/@fullcalendar/interaction/-/interaction-6.1.20.tgz",
      "integrity": "sha512-p6txmc5txL0bMiPaJxe2ip6o0T384TyoD2KGdsU6UjZ5yoBlaY+dg7kxfnYKpYMzEJLG58n+URrHr2PgNL2fyA==",
      "license": "MIT",
      "peerDependencies": {
        "@fullcalendar/core": "~6.1.20"
      }
    },
    "node_modules/@fullcalendar/react": {
      "version": "6.1.20",
      "resolved": "https://registry.npmjs.org/@fullcalendar/react/-/react-6.1.20.tgz",
      "integrity": "sha512-1w0pZtceaUdfAnxMSCGHCQalhi+mR1jOe76sXzyAXpcPz/Lf0zHSdcGK/U2XpZlnQgQtBZW+d+QBnnzVQKCxAA==",
      "license": "MIT",
      "peerDependencies": {
        "@fullcalendar/core": "~6.1.20",
        "react": "^16.7.0 || ^17 || ^18 || ^19",
        "react-dom": "^16.7.0 || ^17 || ^18 || ^19"
      }
    },
    "node_modules/@fullcalendar/timegrid": {
      "version": "6.1.20",
      "resolved": "https://registry.npmjs.org/@fullcalendar/timegrid/-/timegrid-6.1.20.tgz",
      "integrity": "sha512-4H+/MWbz3ntA50lrPif+7TsvMeX3R1GSYjiLULz0+zEJ7/Yfd9pupZmAwUs/PBpA6aAcFmeRr0laWfcz1a9V1A==",
      "license": "MIT",
      "dependencies": {
        "@fullcalendar/daygrid": "~6.1.20"
      },
      "peerDependencies": {
        "@fullcalendar/core": "~6.1.20"
      }
    }
  }
>>>>>>> 49ada418a345a784d76a6242802ba8f403bca41a
}
